
Microsoft Visual Studio Solution File, Format Version 12.00
# Visual Studio 2012
Project("{FAE04EC0-301F-11D3-BF4B-00C04F79EFBC}") = "PlantingLib", "Plants\PlantingLib.csproj", "{B3521B62-7B55-452D-9B22-99075E2E4116}"
EndProject
Project("{FAE04EC0-301F-11D3-BF4B-00C04F79EFBC}") = "PlantingUI", "PlantingUI\PlantingUI.csproj", "{DFACB257-1191-4078-BAA6-370D4DEC2663}"
EndProject
Project("{FAE04EC0-301F-11D3-BF4B-00C04F79EFBC}") = "Database", "Database\Database.csproj", "{3A18D4AC-4B79-4FED-B466-87D8E29101D3}"
EndProject
Global
	GlobalSection(SolutionConfigurationPlatforms) = preSolution
		Debug|Any CPU = Debug|Any CPU
		Release|Any CPU = Release|Any CPU
	EndGlobalSection
	GlobalSection(ProjectConfigurationPlatforms) = postSolution
		{B3521B62-7B55-452D-9B22-99075E2E4116}.Debug|Any CPU.ActiveCfg = Debug|Any CPU
		{B3521B62-7B55-452D-9B22-99075E2E4116}.Debug|Any CPU.Build.0 = Debug|Any CPU
		{B3521B62-7B55-452D-9B22-99075E2E4116}.Release|Any CPU.ActiveCfg = Release|Any CPU
		{B3521B62-7B55-452D-9B22-99075E2E4116}.Release|Any CPU.Build.0 = Release|Any CPU
		{DFACB257-1191-4078-BAA6-370D4DEC2663}.Debug|Any CPU.ActiveCfg = Debug|Any CPU
		{DFACB257-1191-4078-BAA6-370D4DEC2663}.Debug|Any CPU.Build.0 = Debug|Any CPU
		{DFACB257-1191-4078-BAA6-370D4DEC2663}.Release|Any CPU.ActiveCfg = Release|Any CPU
		{DFACB257-1191-4078-BAA6-370D4DEC2663}.Release|Any CPU.Build.0 = Release|Any CPU
		{3A18D4AC-4B79-4FED-B466-87D8E29101D3}.Debug|Any CPU.ActiveCfg = Debug|Any CPU
		{3A18D4AC-4B79-4FED-B466-87D8E29101D3}.Debug|Any CPU.Build.0 = Debug|Any CPU
		{3A18D4AC-4B79-4FED-B466-87D8E29101D3}.Release|Any CPU.ActiveCfg = Release|Any CPU
		{3A18D4AC-4B79-4FED-B466-87D8E29101D3}.Release|Any CPU.Build.0 = Release|Any CPU
	EndGlobalSection
	GlobalSection(SolutionProperties) = preSolution
		HideSolutionNode = FALSE
	EndGlobalSection
EndGlobal
