
Microsoft Visual Studio Solution File, Format Version 12.00
# Visual Studio 14
VisualStudioVersion = 14.0.23107.0
MinimumVisualStudioVersion = 10.0.40219.1
Project("{FAE04EC0-301F-11D3-BF4B-00C04F79EFBC}") = "PlantingLib", "Plants\PlantingLib.csproj", "{B3521B62-7B55-452D-9B22-99075E2E4116}"
EndProject
Project("{FAE04EC0-301F-11D3-BF4B-00C04F79EFBC}") = "PlantingUI", "PlantingUI\PlantingUI.csproj", "{DFACB257-1191-4078-BAA6-370D4DEC2663}"
EndProject
Project("{FAE04EC0-301F-11D3-BF4B-00C04F79EFBC}") = "Database", "Database\Database.csproj", "{3A18D4AC-4B79-4FED-B466-87D8E29101D3}"
EndProject
Project("{FAE04EC0-301F-11D3-BF4B-00C04F79EFBC}") = "Mapper", "Mapper\Mapper.csproj", "{365D25B6-7F68-458B-A45E-3952DB55BD50}"
EndProject
Project("{FAE04EC0-301F-11D3-BF4B-00C04F79EFBC}") = "PlantsWpf", "PlantsWpf\PlantsWpf.csproj", "{30732F0D-AE65-45C6-8AA0-024BD0894336}"
EndProject
Project("{FAE04EC0-301F-11D3-BF4B-00C04F79EFBC}") = "MongoDbServer", "MongoDbServer\MongoDbServer.csproj", "{7C987EC6-6A95-469E-8440-24F3E4332D9B}"
EndProject
Project("{FAE04EC0-301F-11D3-BF4B-00C04F79EFBC}") = "DatabaseCleanerServer", "DatabaseCleanerServer\DatabaseCleanerServer.csproj", "{CC0BA390-D5EB-4AA7-ABBB-6DE71B0FE898}"
EndProject
Global
	GlobalSection(SolutionConfigurationPlatforms) = preSolution
		Debug|Any CPU = Debug|Any CPU
		Release|Any CPU = Release|Any CPU
	EndGlobalSection
	GlobalSection(ProjectConfigurationPlatforms) = postSolution
		{B3521B62-7B55-452D-9B22-99075E2E4116}.Debug|Any CPU.ActiveCfg = Debug|Any CPU
		{B3521B62-7B55-452D-9B22-99075E2E4116}.Debug|Any CPU.Build.0 = Debug|Any CPU
		{B3521B62-7B55-452D-9B22-99075E2E4116}.Release|Any CPU.ActiveCfg = Release|Any CPU
		{B3521B62-7B55-452D-9B22-99075E2E4116}.Release|Any CPU.Build.0 = Release|Any CPU
		{DFACB257-1191-4078-BAA6-370D4DEC2663}.Debug|Any CPU.ActiveCfg = Debug|Any CPU
		{DFACB257-1191-4078-BAA6-370D4DEC2663}.Debug|Any CPU.Build.0 = Debug|Any CPU
		{DFACB257-1191-4078-BAA6-370D4DEC2663}.Release|Any CPU.ActiveCfg = Release|Any CPU
		{DFACB257-1191-4078-BAA6-370D4DEC2663}.Release|Any CPU.Build.0 = Release|Any CPU
		{3A18D4AC-4B79-4FED-B466-87D8E29101D3}.Debug|Any CPU.ActiveCfg = Debug|Any CPU
		{3A18D4AC-4B79-4FED-B466-87D8E29101D3}.Debug|Any CPU.Build.0 = Debug|Any CPU
		{3A18D4AC-4B79-4FED-B466-87D8E29101D3}.Release|Any CPU.ActiveCfg = Release|Any CPU
		{3A18D4AC-4B79-4FED-B466-87D8E29101D3}.Release|Any CPU.Build.0 = Release|Any CPU
		{365D25B6-7F68-458B-A45E-3952DB55BD50}.Debug|Any CPU.ActiveCfg = Debug|Any CPU
		{365D25B6-7F68-458B-A45E-3952DB55BD50}.Debug|Any CPU.Build.0 = Debug|Any CPU
		{365D25B6-7F68-458B-A45E-3952DB55BD50}.Release|Any CPU.ActiveCfg = Release|Any CPU
		{365D25B6-7F68-458B-A45E-3952DB55BD50}.Release|Any CPU.Build.0 = Release|Any CPU
		{30732F0D-AE65-45C6-8AA0-024BD0894336}.Debug|Any CPU.ActiveCfg = Debug|Any CPU
		{30732F0D-AE65-45C6-8AA0-024BD0894336}.Debug|Any CPU.Build.0 = Debug|Any CPU
		{30732F0D-AE65-45C6-8AA0-024BD0894336}.Release|Any CPU.ActiveCfg = Release|Any CPU
		{30732F0D-AE65-45C6-8AA0-024BD0894336}.Release|Any CPU.Build.0 = Release|Any CPU
		{7C987EC6-6A95-469E-8440-24F3E4332D9B}.Debug|Any CPU.ActiveCfg = Debug|Any CPU
		{7C987EC6-6A95-469E-8440-24F3E4332D9B}.Debug|Any CPU.Build.0 = Debug|Any CPU
		{7C987EC6-6A95-469E-8440-24F3E4332D9B}.Release|Any CPU.ActiveCfg = Release|Any CPU
		{7C987EC6-6A95-469E-8440-24F3E4332D9B}.Release|Any CPU.Build.0 = Release|Any CPU
		{CC0BA390-D5EB-4AA7-ABBB-6DE71B0FE898}.Debug|Any CPU.ActiveCfg = Debug|Any CPU
		{CC0BA390-D5EB-4AA7-ABBB-6DE71B0FE898}.Debug|Any CPU.Build.0 = Debug|Any CPU
		{CC0BA390-D5EB-4AA7-ABBB-6DE71B0FE898}.Release|Any CPU.ActiveCfg = Release|Any CPU
		{CC0BA390-D5EB-4AA7-ABBB-6DE71B0FE898}.Release|Any CPU.Build.0 = Release|Any CPU
	EndGlobalSection
	GlobalSection(SolutionProperties) = preSolution
		HideSolutionNode = FALSE
	EndGlobalSection
EndGlobal
