
Microsoft Visual Studio Solution File, Format Version 12.00
# Visual Studio 14
VisualStudioVersion = 14.0.25420.1
MinimumVisualStudioVersion = 10.0.40219.1
Project("{FAE04EC0-301F-11D3-BF4B-00C04F79EFBC}") = "PlantingLib", "Plants\PlantingLib.csproj", "{B3521B62-7B55-452D-9B22-99075E2E4116}"
EndProject
Project("{FAE04EC0-301F-11D3-BF4B-00C04F79EFBC}") = "Database", "Database\Database.csproj", "{3A18D4AC-4B79-4FED-B466-87D8E29101D3}"
EndProject
Project("{FAE04EC0-301F-11D3-BF4B-00C04F79EFBC}") = "Mapper", "Mapper\Mapper.csproj", "{365D25B6-7F68-458B-A45E-3952DB55BD50}"
EndProject
Project("{FAE04EC0-301F-11D3-BF4B-00C04F79EFBC}") = "PlantsWpf", "PlantsWpf\PlantsWpf.csproj", "{30732F0D-AE65-45C6-8AA0-024BD0894336}"
EndProject
Project("{FAE04EC0-301F-11D3-BF4B-00C04F79EFBC}") = "MongoDbServer", "MongoDbServer\MongoDbServer.csproj", "{7C987EC6-6A95-469E-8440-24F3E4332D9B}"
EndProject
Project("{FAE04EC0-301F-11D3-BF4B-00C04F79EFBC}") = "DatabaseCleanerServer", "DatabaseCleanerServer\DatabaseCleanerServer.csproj", "{CC0BA390-D5EB-4AA7-ABBB-6DE71B0FE898}"
EndProject
Project("{FAE04EC0-301F-11D3-BF4B-00C04F79EFBC}") = "AspNet.Identity.MySQL", "AspNet.Identity.MySQL\AspNet.Identity.MySQL.csproj", "{26F6ECF9-4369-417B-8CF2-54FA92DF3660}"
EndProject
Project("{FAE04EC0-301F-11D3-BF4B-00C04F79EFBC}") = "WebApi", "WebApi\WebApi.csproj", "{E5FBFD7E-F290-4543-8DFD-0C4C060ABE7A}"
EndProject
Project("{FAE04EC0-301F-11D3-BF4B-00C04F79EFBC}") = "AzureQueuing", "AzureQueuing\AzureQueuing.csproj", "{2ABB1D63-677F-463E-B3AB-1A5DD988FE54}"
EndProject
Global
	GlobalSection(SolutionConfigurationPlatforms) = preSolution
		Debug|Any CPU = Debug|Any CPU
		Release|Any CPU = Release|Any CPU
	EndGlobalSection
	GlobalSection(ProjectConfigurationPlatforms) = postSolution
		{B3521B62-7B55-452D-9B22-99075E2E4116}.Debug|Any CPU.ActiveCfg = Debug|Any CPU
		{B3521B62-7B55-452D-9B22-99075E2E4116}.Debug|Any CPU.Build.0 = Debug|Any CPU
		{B3521B62-7B55-452D-9B22-99075E2E4116}.Release|Any CPU.ActiveCfg = Release|Any CPU
		{B3521B62-7B55-452D-9B22-99075E2E4116}.Release|Any CPU.Build.0 = Release|Any CPU
		{3A18D4AC-4B79-4FED-B466-87D8E29101D3}.Debug|Any CPU.ActiveCfg = Debug|Any CPU
		{3A18D4AC-4B79-4FED-B466-87D8E29101D3}.Debug|Any CPU.Build.0 = Debug|Any CPU
		{3A18D4AC-4B79-4FED-B466-87D8E29101D3}.Release|Any CPU.ActiveCfg = Release|Any CPU
		{3A18D4AC-4B79-4FED-B466-87D8E29101D3}.Release|Any CPU.Build.0 = Release|Any CPU
		{365D25B6-7F68-458B-A45E-3952DB55BD50}.Debug|Any CPU.ActiveCfg = Debug|Any CPU
		{365D25B6-7F68-458B-A45E-3952DB55BD50}.Debug|Any CPU.Build.0 = Debug|Any CPU
		{365D25B6-7F68-458B-A45E-3952DB55BD50}.Release|Any CPU.ActiveCfg = Release|Any CPU
		{365D25B6-7F68-458B-A45E-3952DB55BD50}.Release|Any CPU.Build.0 = Release|Any CPU
		{30732F0D-AE65-45C6-8AA0-024BD0894336}.Debug|Any CPU.ActiveCfg = Debug|Any CPU
		{30732F0D-AE65-45C6-8AA0-024BD0894336}.Debug|Any CPU.Build.0 = Debug|Any CPU
		{30732F0D-AE65-45C6-8AA0-024BD0894336}.Release|Any CPU.ActiveCfg = Release|Any CPU
		{30732F0D-AE65-45C6-8AA0-024BD0894336}.Release|Any CPU.Build.0 = Release|Any CPU
		{7C987EC6-6A95-469E-8440-24F3E4332D9B}.Debug|Any CPU.ActiveCfg = Debug|Any CPU
		{7C987EC6-6A95-469E-8440-24F3E4332D9B}.Debug|Any CPU.Build.0 = Debug|Any CPU
		{7C987EC6-6A95-469E-8440-24F3E4332D9B}.Release|Any CPU.ActiveCfg = Release|Any CPU
		{7C987EC6-6A95-469E-8440-24F3E4332D9B}.Release|Any CPU.Build.0 = Release|Any CPU
		{CC0BA390-D5EB-4AA7-ABBB-6DE71B0FE898}.Debug|Any CPU.ActiveCfg = Debug|Any CPU
		{CC0BA390-D5EB-4AA7-ABBB-6DE71B0FE898}.Debug|Any CPU.Build.0 = Debug|Any CPU
		{CC0BA390-D5EB-4AA7-ABBB-6DE71B0FE898}.Release|Any CPU.ActiveCfg = Release|Any CPU
		{CC0BA390-D5EB-4AA7-ABBB-6DE71B0FE898}.Release|Any CPU.Build.0 = Release|Any CPU
		{26F6ECF9-4369-417B-8CF2-54FA92DF3660}.Debug|Any CPU.ActiveCfg = Debug|Any CPU
		{26F6ECF9-4369-417B-8CF2-54FA92DF3660}.Debug|Any CPU.Build.0 = Debug|Any CPU
		{26F6ECF9-4369-417B-8CF2-54FA92DF3660}.Release|Any CPU.ActiveCfg = Release|Any CPU
		{26F6ECF9-4369-417B-8CF2-54FA92DF3660}.Release|Any CPU.Build.0 = Release|Any CPU
		{E5FBFD7E-F290-4543-8DFD-0C4C060ABE7A}.Debug|Any CPU.ActiveCfg = Debug|Any CPU
		{E5FBFD7E-F290-4543-8DFD-0C4C060ABE7A}.Debug|Any CPU.Build.0 = Debug|Any CPU
		{E5FBFD7E-F290-4543-8DFD-0C4C060ABE7A}.Debug|Any CPU.Deploy.0 = Debug|Any CPU
		{E5FBFD7E-F290-4543-8DFD-0C4C060ABE7A}.Release|Any CPU.ActiveCfg = Release|Any CPU
		{E5FBFD7E-F290-4543-8DFD-0C4C060ABE7A}.Release|Any CPU.Build.0 = Release|Any CPU
		{2ABB1D63-677F-463E-B3AB-1A5DD988FE54}.Debug|Any CPU.ActiveCfg = Debug|Any CPU
		{2ABB1D63-677F-463E-B3AB-1A5DD988FE54}.Debug|Any CPU.Build.0 = Debug|Any CPU
		{2ABB1D63-677F-463E-B3AB-1A5DD988FE54}.Release|Any CPU.ActiveCfg = Release|Any CPU
		{2ABB1D63-677F-463E-B3AB-1A5DD988FE54}.Release|Any CPU.Build.0 = Release|Any CPU
	EndGlobalSection
	GlobalSection(SolutionProperties) = preSolution
		HideSolutionNode = FALSE
	EndGlobalSection
	GlobalSection(ExtensibilityGlobals) = postSolution
		EnterpriseLibraryConfigurationToolBinariesPath = packages\TransientFaultHandling.Core.5.1.1209.0\lib\NET4;packages\Unity.2.1.505.0\lib\NET35;packages\Unity.Interception.2.1.505.0\lib\NET35;packages\EnterpriseLibrary.Common.5.0.505.0\lib\NET35;packages\EnterpriseLibrary.WindowsAzure.TransientFaultHandling.5.1.1212.0\lib\NET4;packages\EnterpriseLibrary.WindowsAzure.TransientFaultHandling.5.1.1212.0\DesignTime
	EndGlobalSection
EndGlobal
